// !$*UTF8*$!
{
	archiveVersion = 1;
	classes = {
	};
	objectVersion = 51;
	objects = {

/* Begin PBXBuildFile section */
		6B7DE66007482E2100B1A87F /* Pods_Networking_Generics_ProtocolsTests.framework in Frameworks */ = {isa = PBXBuildFile; fileRef = BA4D926DCCE9B4826FB05A53 /* Pods_Networking_Generics_ProtocolsTests.framework */; };
		72A066CB60092609D78ABE5D /* Pods_Networking_Generics_Protocols.framework in Frameworks */ = {isa = PBXBuildFile; fileRef = 08392B88A7B5FB5170ADB253 /* Pods_Networking_Generics_Protocols.framework */; };
		A41E53D7229EA07B007FA3B7 /* LoginViewController.swift in Sources */ = {isa = PBXBuildFile; fileRef = A41E53D6229EA07B007FA3B7 /* LoginViewController.swift */; };
		A47E9D4F229D62B900C8C68B /* FirebaseRepositoryService.swift in Sources */ = {isa = PBXBuildFile; fileRef = A47E9D4E229D62B900C8C68B /* FirebaseRepositoryService.swift */; };
		A47E9D55229DD65900C8C68B /* FirebaseLoginService.swift in Sources */ = {isa = PBXBuildFile; fileRef = A47E9D54229DD65900C8C68B /* FirebaseLoginService.swift */; };
		A47E9D57229DD6BA00C8C68B /* FirebaseFirestore.swift in Sources */ = {isa = PBXBuildFile; fileRef = A47E9D56229DD6BA00C8C68B /* FirebaseFirestore.swift */; };
		A47E9D59229DD73A00C8C68B /* MarvelAPI.swift in Sources */ = {isa = PBXBuildFile; fileRef = A47E9D58229DD73A00C8C68B /* MarvelAPI.swift */; };
		A4936F8A229C39470039B506 /* CharactersViewController.swift in Sources */ = {isa = PBXBuildFile; fileRef = A4936F89229C39470039B506 /* CharactersViewController.swift */; };
		A4936F8C229C3DF20039B506 /* AddCharacterViewController.swift in Sources */ = {isa = PBXBuildFile; fileRef = A4936F8B229C3DF20039B506 /* AddCharacterViewController.swift */; };
		A4DE4C222296B4BC002B1D24 /* GlobalConstants.swift in Sources */ = {isa = PBXBuildFile; fileRef = A4DE4C212296B4BC002B1D24 /* GlobalConstants.swift */; };
		A4E7AD4822A05D090063281C /* LoginCoordinator.swift in Sources */ = {isa = PBXBuildFile; fileRef = A4E7AD4722A05D090063281C /* LoginCoordinator.swift */; };
		A4E7AD4A22A05FCD0063281C /* Coordinator.swift in Sources */ = {isa = PBXBuildFile; fileRef = A4E7AD4922A05FCD0063281C /* Coordinator.swift */; };
		A4E7AD4C22A19FF40063281C /* CharacterCoordinator.swift in Sources */ = {isa = PBXBuildFile; fileRef = A4E7AD4B22A19FF40063281C /* CharacterCoordinator.swift */; };
		A4E7AD5322A3BCE60063281C /* FirebaseAuthentication.swift in Sources */ = {isa = PBXBuildFile; fileRef = A4E7AD5222A3BCE60063281C /* FirebaseAuthentication.swift */; };
		A4F73F482296D23D00E0DBDC /* GoogleService-Info.plist in Resources */ = {isa = PBXBuildFile; fileRef = A4F73F472296D23D00E0DBDC /* GoogleService-Info.plist */; };
		ED0880CB2295D27000C72832 /* AppDelegate.swift in Sources */ = {isa = PBXBuildFile; fileRef = ED0880CA2295D27000C72832 /* AppDelegate.swift */; };
		ED0880CD2295D27000C72832 /* SignUpViewController.swift in Sources */ = {isa = PBXBuildFile; fileRef = ED0880CC2295D27000C72832 /* SignUpViewController.swift */; };
		ED0880D02295D27000C72832 /* Main.storyboard in Resources */ = {isa = PBXBuildFile; fileRef = ED0880CE2295D27000C72832 /* Main.storyboard */; };
		ED0880D22295D27300C72832 /* Assets.xcassets in Resources */ = {isa = PBXBuildFile; fileRef = ED0880D12295D27300C72832 /* Assets.xcassets */; };
		ED0880D52295D27300C72832 /* LaunchScreen.storyboard in Resources */ = {isa = PBXBuildFile; fileRef = ED0880D32295D27300C72832 /* LaunchScreen.storyboard */; };
		ED0880E02295D27300C72832 /* Networking_Generics_ProtocolsTests.swift in Sources */ = {isa = PBXBuildFile; fileRef = ED0880DF2295D27300C72832 /* Networking_Generics_ProtocolsTests.swift */; };
/* End PBXBuildFile section */

/* Begin PBXContainerItemProxy section */
		ED0880DC2295D27300C72832 /* PBXContainerItemProxy */ = {
			isa = PBXContainerItemProxy;
			containerPortal = ED0880BF2295D27000C72832 /* Project object */;
			proxyType = 1;
			remoteGlobalIDString = ED0880C62295D27000C72832;
			remoteInfo = Networking_Generics_Protocols;
		};
/* End PBXContainerItemProxy section */

/* Begin PBXFileReference section */
		08392B88A7B5FB5170ADB253 /* Pods_Networking_Generics_Protocols.framework */ = {isa = PBXFileReference; explicitFileType = wrapper.framework; includeInIndex = 0; path = Pods_Networking_Generics_Protocols.framework; sourceTree = BUILT_PRODUCTS_DIR; };
		0C0F1F4C23164487BDC71357 /* Pods-Networking_Generics_ProtocolsTests.release.xcconfig */ = {isa = PBXFileReference; includeInIndex = 1; lastKnownFileType = text.xcconfig; name = "Pods-Networking_Generics_ProtocolsTests.release.xcconfig"; path = "Target Support Files/Pods-Networking_Generics_ProtocolsTests/Pods-Networking_Generics_ProtocolsTests.release.xcconfig"; sourceTree = "<group>"; };
		0ECE0BB47BA1BC8D31D7AC92 /* Pods-Networking_Generics_Protocols.release.xcconfig */ = {isa = PBXFileReference; includeInIndex = 1; lastKnownFileType = text.xcconfig; name = "Pods-Networking_Generics_Protocols.release.xcconfig"; path = "Target Support Files/Pods-Networking_Generics_Protocols/Pods-Networking_Generics_Protocols.release.xcconfig"; sourceTree = "<group>"; };
		4CE92ECA8394E35805D9581C /* Pods-Networking_Generics_Protocols.debug.xcconfig */ = {isa = PBXFileReference; includeInIndex = 1; lastKnownFileType = text.xcconfig; name = "Pods-Networking_Generics_Protocols.debug.xcconfig"; path = "Target Support Files/Pods-Networking_Generics_Protocols/Pods-Networking_Generics_Protocols.debug.xcconfig"; sourceTree = "<group>"; };
		96D2F706B9D45250DB2F6DF0 /* Pods-Networking_Generics_ProtocolsTests.debug.xcconfig */ = {isa = PBXFileReference; includeInIndex = 1; lastKnownFileType = text.xcconfig; name = "Pods-Networking_Generics_ProtocolsTests.debug.xcconfig"; path = "Target Support Files/Pods-Networking_Generics_ProtocolsTests/Pods-Networking_Generics_ProtocolsTests.debug.xcconfig"; sourceTree = "<group>"; };
		A41E53D6229EA07B007FA3B7 /* LoginViewController.swift */ = {isa = PBXFileReference; lastKnownFileType = sourcecode.swift; path = LoginViewController.swift; sourceTree = "<group>"; };
		A47E9D4E229D62B900C8C68B /* FirebaseRepositoryService.swift */ = {isa = PBXFileReference; lastKnownFileType = sourcecode.swift; path = FirebaseRepositoryService.swift; sourceTree = "<group>"; };
		A47E9D54229DD65900C8C68B /* FirebaseLoginService.swift */ = {isa = PBXFileReference; lastKnownFileType = sourcecode.swift; path = FirebaseLoginService.swift; sourceTree = "<group>"; };
		A47E9D56229DD6BA00C8C68B /* FirebaseFirestore.swift */ = {isa = PBXFileReference; lastKnownFileType = sourcecode.swift; path = FirebaseFirestore.swift; sourceTree = "<group>"; };
		A47E9D58229DD73A00C8C68B /* MarvelAPI.swift */ = {isa = PBXFileReference; lastKnownFileType = sourcecode.swift; path = MarvelAPI.swift; sourceTree = "<group>"; };
		A4936F89229C39470039B506 /* CharactersViewController.swift */ = {isa = PBXFileReference; lastKnownFileType = sourcecode.swift; path = CharactersViewController.swift; sourceTree = "<group>"; };
		A4936F8B229C3DF20039B506 /* AddCharacterViewController.swift */ = {isa = PBXFileReference; lastKnownFileType = sourcecode.swift; path = AddCharacterViewController.swift; sourceTree = "<group>"; };
		A4DE4C212296B4BC002B1D24 /* GlobalConstants.swift */ = {isa = PBXFileReference; lastKnownFileType = sourcecode.swift; path = GlobalConstants.swift; sourceTree = "<group>"; };
		A4E7AD4722A05D090063281C /* LoginCoordinator.swift */ = {isa = PBXFileReference; lastKnownFileType = sourcecode.swift; path = LoginCoordinator.swift; sourceTree = "<group>"; };
		A4E7AD4922A05FCD0063281C /* Coordinator.swift */ = {isa = PBXFileReference; lastKnownFileType = sourcecode.swift; path = Coordinator.swift; sourceTree = "<group>"; };
		A4E7AD4B22A19FF40063281C /* CharacterCoordinator.swift */ = {isa = PBXFileReference; lastKnownFileType = sourcecode.swift; path = CharacterCoordinator.swift; sourceTree = "<group>"; };
		A4E7AD5222A3BCE60063281C /* FirebaseAuthentication.swift */ = {isa = PBXFileReference; lastKnownFileType = sourcecode.swift; path = FirebaseAuthentication.swift; sourceTree = "<group>"; };
		A4F73F472296D23D00E0DBDC /* GoogleService-Info.plist */ = {isa = PBXFileReference; fileEncoding = 4; lastKnownFileType = text.plist.xml; name = "GoogleService-Info.plist"; path = "../../../../Downloads/GoogleService-Info.plist"; sourceTree = "<group>"; };
		BA4D926DCCE9B4826FB05A53 /* Pods_Networking_Generics_ProtocolsTests.framework */ = {isa = PBXFileReference; explicitFileType = wrapper.framework; includeInIndex = 0; path = Pods_Networking_Generics_ProtocolsTests.framework; sourceTree = BUILT_PRODUCTS_DIR; };
		ED0880C72295D27000C72832 /* Networking_Generics_Protocols.app */ = {isa = PBXFileReference; explicitFileType = wrapper.application; includeInIndex = 0; path = Networking_Generics_Protocols.app; sourceTree = BUILT_PRODUCTS_DIR; };
		ED0880CA2295D27000C72832 /* AppDelegate.swift */ = {isa = PBXFileReference; lastKnownFileType = sourcecode.swift; path = AppDelegate.swift; sourceTree = "<group>"; };
		ED0880CC2295D27000C72832 /* SignUpViewController.swift */ = {isa = PBXFileReference; lastKnownFileType = sourcecode.swift; path = SignUpViewController.swift; sourceTree = "<group>"; };
		ED0880CF2295D27000C72832 /* Base */ = {isa = PBXFileReference; lastKnownFileType = file.storyboard; name = Base; path = Base.lproj/Main.storyboard; sourceTree = "<group>"; };
		ED0880D12295D27300C72832 /* Assets.xcassets */ = {isa = PBXFileReference; lastKnownFileType = folder.assetcatalog; path = Assets.xcassets; sourceTree = "<group>"; };
		ED0880D42295D27300C72832 /* Base */ = {isa = PBXFileReference; lastKnownFileType = file.storyboard; name = Base; path = Base.lproj/LaunchScreen.storyboard; sourceTree = "<group>"; };
		ED0880D62295D27300C72832 /* Info.plist */ = {isa = PBXFileReference; lastKnownFileType = text.plist.xml; path = Info.plist; sourceTree = "<group>"; };
		ED0880DB2295D27300C72832 /* Networking_Generics_ProtocolsTests.xctest */ = {isa = PBXFileReference; explicitFileType = wrapper.cfbundle; includeInIndex = 0; path = Networking_Generics_ProtocolsTests.xctest; sourceTree = BUILT_PRODUCTS_DIR; };
		ED0880DF2295D27300C72832 /* Networking_Generics_ProtocolsTests.swift */ = {isa = PBXFileReference; lastKnownFileType = sourcecode.swift; path = Networking_Generics_ProtocolsTests.swift; sourceTree = "<group>"; };
		ED0880E12295D27300C72832 /* Info.plist */ = {isa = PBXFileReference; lastKnownFileType = text.plist.xml; path = Info.plist; sourceTree = "<group>"; };
/* End PBXFileReference section */

/* Begin PBXFrameworksBuildPhase section */
		ED0880C42295D27000C72832 /* Frameworks */ = {
			isa = PBXFrameworksBuildPhase;
			buildActionMask = 2147483647;
			files = (
				72A066CB60092609D78ABE5D /* Pods_Networking_Generics_Protocols.framework in Frameworks */,
			);
			runOnlyForDeploymentPostprocessing = 0;
		};
		ED0880D82295D27300C72832 /* Frameworks */ = {
			isa = PBXFrameworksBuildPhase;
			buildActionMask = 2147483647;
			files = (
				6B7DE66007482E2100B1A87F /* Pods_Networking_Generics_ProtocolsTests.framework in Frameworks */,
			);
			runOnlyForDeploymentPostprocessing = 0;
		};
/* End PBXFrameworksBuildPhase section */

/* Begin PBXGroup section */
		0506427BC30F7734764BF907 /* Frameworks */ = {
			isa = PBXGroup;
			children = (
				08392B88A7B5FB5170ADB253 /* Pods_Networking_Generics_Protocols.framework */,
				BA4D926DCCE9B4826FB05A53 /* Pods_Networking_Generics_ProtocolsTests.framework */,
			);
			name = Frameworks;
			sourceTree = "<group>";
		};
		4D27442F36A41AE021FCF7D9 /* Pods */ = {
			isa = PBXGroup;
			children = (
				4CE92ECA8394E35805D9581C /* Pods-Networking_Generics_Protocols.debug.xcconfig */,
				0ECE0BB47BA1BC8D31D7AC92 /* Pods-Networking_Generics_Protocols.release.xcconfig */,
				96D2F706B9D45250DB2F6DF0 /* Pods-Networking_Generics_ProtocolsTests.debug.xcconfig */,
				0C0F1F4C23164487BDC71357 /* Pods-Networking_Generics_ProtocolsTests.release.xcconfig */,
			);
			path = Pods;
			sourceTree = "<group>";
		};
		A47E9D53229DD64100C8C68B /* Services */ = {
			isa = PBXGroup;
			children = (
				A47E9D54229DD65900C8C68B /* FirebaseLoginService.swift */,
				A47E9D4E229D62B900C8C68B /* FirebaseRepositoryService.swift */,
			);
			path = Services;
			sourceTree = "<group>";
		};
		A4E7AD4F22A3B36A0063281C /* Coordinators */ = {
			isa = PBXGroup;
			children = (
				A4E7AD4922A05FCD0063281C /* Coordinator.swift */,
				A4E7AD4722A05D090063281C /* LoginCoordinator.swift */,
				A4E7AD4B22A19FF40063281C /* CharacterCoordinator.swift */,
			);
			path = Coordinators;
			sourceTree = "<group>";
		};
		A4E7AD5022A3B3730063281C /* ViewControllers */ = {
			isa = PBXGroup;
			children = (
				A41E53D6229EA07B007FA3B7 /* LoginViewController.swift */,
				ED0880CC2295D27000C72832 /* SignUpViewController.swift */,
				A4936F89229C39470039B506 /* CharactersViewController.swift */,
				A4936F8B229C3DF20039B506 /* AddCharacterViewController.swift */,
			);
			path = ViewControllers;
			sourceTree = "<group>";
		};
		A4E7AD5122A3B5620063281C /* API */ = {
			isa = PBXGroup;
			children = (
				A47E9D56229DD6BA00C8C68B /* FirebaseFirestore.swift */,
				A4E7AD5222A3BCE60063281C /* FirebaseAuthentication.swift */,
				A47E9D58229DD73A00C8C68B /* MarvelAPI.swift */,
			);
			path = API;
			sourceTree = "<group>";
		};
		ED0880BE2295D27000C72832 = {
			isa = PBXGroup;
			children = (
				ED0880C92295D27000C72832 /* Networking_Generics_Protocols */,
				ED0880DE2295D27300C72832 /* Networking_Generics_ProtocolsTests */,
				ED0880C82295D27000C72832 /* Products */,
				4D27442F36A41AE021FCF7D9 /* Pods */,
				0506427BC30F7734764BF907 /* Frameworks */,
			);
			sourceTree = "<group>";
		};
		ED0880C82295D27000C72832 /* Products */ = {
			isa = PBXGroup;
			children = (
				ED0880C72295D27000C72832 /* Networking_Generics_Protocols.app */,
				ED0880DB2295D27300C72832 /* Networking_Generics_ProtocolsTests.xctest */,
			);
			name = Products;
			sourceTree = "<group>";
		};
		ED0880C92295D27000C72832 /* Networking_Generics_Protocols */ = {
			isa = PBXGroup;
			children = (
				A4E7AD5122A3B5620063281C /* API */,
				A4E7AD5022A3B3730063281C /* ViewControllers */,
				A4E7AD4F22A3B36A0063281C /* Coordinators */,
				A47E9D53229DD64100C8C68B /* Services */,
				ED0880CA2295D27000C72832 /* AppDelegate.swift */,
				ED0880CE2295D27000C72832 /* Main.storyboard */,
				ED0880D12295D27300C72832 /* Assets.xcassets */,
				ED0880D32295D27300C72832 /* LaunchScreen.storyboard */,
				ED0880D62295D27300C72832 /* Info.plist */,
				A4F73F472296D23D00E0DBDC /* GoogleService-Info.plist */,
				A4DE4C212296B4BC002B1D24 /* GlobalConstants.swift */,
			);
			path = Networking_Generics_Protocols;
			sourceTree = "<group>";
		};
		ED0880DE2295D27300C72832 /* Networking_Generics_ProtocolsTests */ = {
			isa = PBXGroup;
			children = (
				ED0880DF2295D27300C72832 /* Networking_Generics_ProtocolsTests.swift */,
				ED0880E12295D27300C72832 /* Info.plist */,
			);
			path = Networking_Generics_ProtocolsTests;
			sourceTree = "<group>";
		};
/* End PBXGroup section */

/* Begin PBXNativeTarget section */
		ED0880C62295D27000C72832 /* Networking_Generics_Protocols */ = {
			isa = PBXNativeTarget;
			buildConfigurationList = ED0880E42295D27300C72832 /* Build configuration list for PBXNativeTarget "Networking_Generics_Protocols" */;
			buildPhases = (
				C4B35055501644D9FD018B13 /* [CP] Check Pods Manifest.lock */,
				ED0880C32295D27000C72832 /* Sources */,
				ED0880C42295D27000C72832 /* Frameworks */,
				ED0880C52295D27000C72832 /* Resources */,
				BCF90CB62F1E949302361D4B /* [CP] Embed Pods Frameworks */,
			);
			buildRules = (
			);
			dependencies = (
			);
			name = Networking_Generics_Protocols;
			productName = Networking_Generics_Protocols;
			productReference = ED0880C72295D27000C72832 /* Networking_Generics_Protocols.app */;
			productType = "com.apple.product-type.application";
		};
		ED0880DA2295D27300C72832 /* Networking_Generics_ProtocolsTests */ = {
			isa = PBXNativeTarget;
			buildConfigurationList = ED0880E72295D27300C72832 /* Build configuration list for PBXNativeTarget "Networking_Generics_ProtocolsTests" */;
			buildPhases = (
				82651577B557CFA9F5047739 /* [CP] Check Pods Manifest.lock */,
				ED0880D72295D27300C72832 /* Sources */,
				ED0880D82295D27300C72832 /* Frameworks */,
				ED0880D92295D27300C72832 /* Resources */,
				E0921E15F90D09DA9B6DEBE0 /* [CP] Embed Pods Frameworks */,
			);
			buildRules = (
			);
			dependencies = (
				ED0880DD2295D27300C72832 /* PBXTargetDependency */,
			);
			name = Networking_Generics_ProtocolsTests;
			productName = Networking_Generics_ProtocolsTests;
			productReference = ED0880DB2295D27300C72832 /* Networking_Generics_ProtocolsTests.xctest */;
			productType = "com.apple.product-type.bundle.unit-test";
		};
/* End PBXNativeTarget section */

/* Begin PBXProject section */
		ED0880BF2295D27000C72832 /* Project object */ = {
			isa = PBXProject;
			attributes = {
				LastSwiftUpdateCheck = 1020;
				LastUpgradeCheck = 1020;
				ORGANIZATIONNAME = Fernando;
				TargetAttributes = {
					ED0880C62295D27000C72832 = {
						CreatedOnToolsVersion = 10.2.1;
					};
					ED0880DA2295D27300C72832 = {
						CreatedOnToolsVersion = 10.2.1;
						TestTargetID = ED0880C62295D27000C72832;
					};
				};
			};
			buildConfigurationList = ED0880C22295D27000C72832 /* Build configuration list for PBXProject "Networking_Generics_Protocols" */;
			compatibilityVersion = "Xcode 9.3";
			developmentRegion = en;
			hasScannedForEncodings = 0;
			knownRegions = (
				en,
				Base,
			);
			mainGroup = ED0880BE2295D27000C72832;
			productRefGroup = ED0880C82295D27000C72832 /* Products */;
			projectDirPath = "";
			projectRoot = "";
			targets = (
				ED0880C62295D27000C72832 /* Networking_Generics_Protocols */,
				ED0880DA2295D27300C72832 /* Networking_Generics_ProtocolsTests */,
			);
		};
/* End PBXProject section */

/* Begin PBXResourcesBuildPhase section */
		ED0880C52295D27000C72832 /* Resources */ = {
			isa = PBXResourcesBuildPhase;
			buildActionMask = 2147483647;
			files = (
				ED0880D52295D27300C72832 /* LaunchScreen.storyboard in Resources */,
				A4F73F482296D23D00E0DBDC /* GoogleService-Info.plist in Resources */,
				ED0880D22295D27300C72832 /* Assets.xcassets in Resources */,
				ED0880D02295D27000C72832 /* Main.storyboard in Resources */,
			);
			runOnlyForDeploymentPostprocessing = 0;
		};
		ED0880D92295D27300C72832 /* Resources */ = {
			isa = PBXResourcesBuildPhase;
			buildActionMask = 2147483647;
			files = (
			);
			runOnlyForDeploymentPostprocessing = 0;
		};
/* End PBXResourcesBuildPhase section */

/* Begin PBXShellScriptBuildPhase section */
		82651577B557CFA9F5047739 /* [CP] Check Pods Manifest.lock */ = {
			isa = PBXShellScriptBuildPhase;
			buildActionMask = 2147483647;
			files = (
			);
			inputFileListPaths = (
			);
			inputPaths = (
				"${PODS_PODFILE_DIR_PATH}/Podfile.lock",
				"${PODS_ROOT}/Manifest.lock",
			);
			name = "[CP] Check Pods Manifest.lock";
			outputFileListPaths = (
			);
			outputPaths = (
				"$(DERIVED_FILE_DIR)/Pods-Networking_Generics_ProtocolsTests-checkManifestLockResult.txt",
			);
			runOnlyForDeploymentPostprocessing = 0;
			shellPath = /bin/sh;
			shellScript = "diff \"${PODS_PODFILE_DIR_PATH}/Podfile.lock\" \"${PODS_ROOT}/Manifest.lock\" > /dev/null\nif [ $? != 0 ] ; then\n    # print error to STDERR\n    echo \"error: The sandbox is not in sync with the Podfile.lock. Run 'pod install' or update your CocoaPods installation.\" >&2\n    exit 1\nfi\n# This output is used by Xcode 'outputs' to avoid re-running this script phase.\necho \"SUCCESS\" > \"${SCRIPT_OUTPUT_FILE_0}\"\n";
			showEnvVarsInLog = 0;
		};
		BCF90CB62F1E949302361D4B /* [CP] Embed Pods Frameworks */ = {
			isa = PBXShellScriptBuildPhase;
			buildActionMask = 2147483647;
			files = (
			);
			inputFileListPaths = (
				"${PODS_ROOT}/Target Support Files/Pods-Networking_Generics_Protocols/Pods-Networking_Generics_Protocols-frameworks-${CONFIGURATION}-input-files.xcfilelist",
			);
			name = "[CP] Embed Pods Frameworks";
			outputFileListPaths = (
				"${PODS_ROOT}/Target Support Files/Pods-Networking_Generics_Protocols/Pods-Networking_Generics_Protocols-frameworks-${CONFIGURATION}-output-files.xcfilelist",
			);
			runOnlyForDeploymentPostprocessing = 0;
			shellPath = /bin/sh;
			shellScript = "\"${PODS_ROOT}/Target Support Files/Pods-Networking_Generics_Protocols/Pods-Networking_Generics_Protocols-frameworks.sh\"\n";
			showEnvVarsInLog = 0;
		};
		C4B35055501644D9FD018B13 /* [CP] Check Pods Manifest.lock */ = {
			isa = PBXShellScriptBuildPhase;
			buildActionMask = 2147483647;
			files = (
			);
			inputFileListPaths = (
			);
			inputPaths = (
				"${PODS_PODFILE_DIR_PATH}/Podfile.lock",
				"${PODS_ROOT}/Manifest.lock",
			);
			name = "[CP] Check Pods Manifest.lock";
			outputFileListPaths = (
			);
			outputPaths = (
				"$(DERIVED_FILE_DIR)/Pods-Networking_Generics_Protocols-checkManifestLockResult.txt",
			);
			runOnlyForDeploymentPostprocessing = 0;
			shellPath = /bin/sh;
			shellScript = "diff \"${PODS_PODFILE_DIR_PATH}/Podfile.lock\" \"${PODS_ROOT}/Manifest.lock\" > /dev/null\nif [ $? != 0 ] ; then\n    # print error to STDERR\n    echo \"error: The sandbox is not in sync with the Podfile.lock. Run 'pod install' or update your CocoaPods installation.\" >&2\n    exit 1\nfi\n# This output is used by Xcode 'outputs' to avoid re-running this script phase.\necho \"SUCCESS\" > \"${SCRIPT_OUTPUT_FILE_0}\"\n";
			showEnvVarsInLog = 0;
		};
		E0921E15F90D09DA9B6DEBE0 /* [CP] Embed Pods Frameworks */ = {
			isa = PBXShellScriptBuildPhase;
			buildActionMask = 2147483647;
			files = (
			);
			inputFileListPaths = (
				"${PODS_ROOT}/Target Support Files/Pods-Networking_Generics_ProtocolsTests/Pods-Networking_Generics_ProtocolsTests-frameworks-${CONFIGURATION}-input-files.xcfilelist",
			);
			name = "[CP] Embed Pods Frameworks";
			outputFileListPaths = (
				"${PODS_ROOT}/Target Support Files/Pods-Networking_Generics_ProtocolsTests/Pods-Networking_Generics_ProtocolsTests-frameworks-${CONFIGURATION}-output-files.xcfilelist",
			);
			runOnlyForDeploymentPostprocessing = 0;
			shellPath = /bin/sh;
			shellScript = "\"${PODS_ROOT}/Target Support Files/Pods-Networking_Generics_ProtocolsTests/Pods-Networking_Generics_ProtocolsTests-frameworks.sh\"\n";
			showEnvVarsInLog = 0;
		};
/* End PBXShellScriptBuildPhase section */

/* Begin PBXSourcesBuildPhase section */
		ED0880C32295D27000C72832 /* Sources */ = {
			isa = PBXSourcesBuildPhase;
			buildActionMask = 2147483647;
			files = (
				A47E9D55229DD65900C8C68B /* FirebaseLoginService.swift in Sources */,
				A47E9D4F229D62B900C8C68B /* FirebaseRepositoryService.swift in Sources */,
				A4E7AD4C22A19FF40063281C /* CharacterCoordinator.swift in Sources */,
				A4936F8C229C3DF20039B506 /* AddCharacterViewController.swift in Sources */,
				A4936F8A229C39470039B506 /* CharactersViewController.swift in Sources */,
				A4E7AD4822A05D090063281C /* LoginCoordinator.swift in Sources */,
				ED0880CD2295D27000C72832 /* SignUpViewController.swift in Sources */,
				A4DE4C222296B4BC002B1D24 /* GlobalConstants.swift in Sources */,
				A47E9D59229DD73A00C8C68B /* MarvelAPI.swift in Sources */,
				A4E7AD4A22A05FCD0063281C /* Coordinator.swift in Sources */,
				ED0880CB2295D27000C72832 /* AppDelegate.swift in Sources */,
				A41E53D7229EA07B007FA3B7 /* LoginViewController.swift in Sources */,
				A4E7AD5322A3BCE60063281C /* FirebaseAuthentication.swift in Sources */,
				A47E9D57229DD6BA00C8C68B /* FirebaseFirestore.swift in Sources */,
			);
			runOnlyForDeploymentPostprocessing = 0;
		};
		ED0880D72295D27300C72832 /* Sources */ = {
			isa = PBXSourcesBuildPhase;
			buildActionMask = 2147483647;
			files = (
				ED0880E02295D27300C72832 /* Networking_Generics_ProtocolsTests.swift in Sources */,
			);
			runOnlyForDeploymentPostprocessing = 0;
		};
/* End PBXSourcesBuildPhase section */

/* Begin PBXTargetDependency section */
		ED0880DD2295D27300C72832 /* PBXTargetDependency */ = {
			isa = PBXTargetDependency;
			target = ED0880C62295D27000C72832 /* Networking_Generics_Protocols */;
			targetProxy = ED0880DC2295D27300C72832 /* PBXContainerItemProxy */;
		};
/* End PBXTargetDependency section */

/* Begin PBXVariantGroup section */
		ED0880CE2295D27000C72832 /* Main.storyboard */ = {
			isa = PBXVariantGroup;
			children = (
				ED0880CF2295D27000C72832 /* Base */,
			);
			name = Main.storyboard;
			sourceTree = "<group>";
		};
		ED0880D32295D27300C72832 /* LaunchScreen.storyboard */ = {
			isa = PBXVariantGroup;
			children = (
				ED0880D42295D27300C72832 /* Base */,
			);
			name = LaunchScreen.storyboard;
			sourceTree = "<group>";
		};
/* End PBXVariantGroup section */

/* Begin XCBuildConfiguration section */
		ED0880E22295D27300C72832 /* Debug */ = {
			isa = XCBuildConfiguration;
			buildSettings = {
				ALWAYS_SEARCH_USER_PATHS = NO;
				CLANG_ANALYZER_NONNULL = YES;
				CLANG_ANALYZER_NUMBER_OBJECT_CONVERSION = YES_AGGRESSIVE;
				CLANG_CXX_LANGUAGE_STANDARD = "gnu++14";
				CLANG_CXX_LIBRARY = "libc++";
				CLANG_ENABLE_MODULES = YES;
				CLANG_ENABLE_OBJC_ARC = YES;
				CLANG_ENABLE_OBJC_WEAK = YES;
				CLANG_WARN_BLOCK_CAPTURE_AUTORELEASING = YES;
				CLANG_WARN_BOOL_CONVERSION = YES;
				CLANG_WARN_COMMA = YES;
				CLANG_WARN_CONSTANT_CONVERSION = YES;
				CLANG_WARN_DEPRECATED_OBJC_IMPLEMENTATIONS = YES;
				CLANG_WARN_DIRECT_OBJC_ISA_USAGE = YES_ERROR;
				CLANG_WARN_DOCUMENTATION_COMMENTS = YES;
				CLANG_WARN_EMPTY_BODY = YES;
				CLANG_WARN_ENUM_CONVERSION = YES;
				CLANG_WARN_INFINITE_RECURSION = YES;
				CLANG_WARN_INT_CONVERSION = YES;
				CLANG_WARN_NON_LITERAL_NULL_CONVERSION = YES;
				CLANG_WARN_OBJC_IMPLICIT_RETAIN_SELF = YES;
				CLANG_WARN_OBJC_LITERAL_CONVERSION = YES;
				CLANG_WARN_OBJC_ROOT_CLASS = YES_ERROR;
				CLANG_WARN_RANGE_LOOP_ANALYSIS = YES;
				CLANG_WARN_STRICT_PROTOTYPES = YES;
				CLANG_WARN_SUSPICIOUS_MOVE = YES;
				CLANG_WARN_UNGUARDED_AVAILABILITY = YES_AGGRESSIVE;
				CLANG_WARN_UNREACHABLE_CODE = YES;
				CLANG_WARN__DUPLICATE_METHOD_MATCH = YES;
				CODE_SIGN_IDENTITY = "iPhone Developer";
				COPY_PHASE_STRIP = NO;
				DEBUG_INFORMATION_FORMAT = dwarf;
				ENABLE_STRICT_OBJC_MSGSEND = YES;
				ENABLE_TESTABILITY = YES;
				GCC_C_LANGUAGE_STANDARD = gnu11;
				GCC_DYNAMIC_NO_PIC = NO;
				GCC_NO_COMMON_BLOCKS = YES;
				GCC_OPTIMIZATION_LEVEL = 0;
				GCC_PREPROCESSOR_DEFINITIONS = (
					"DEBUG=1",
					"$(inherited)",
				);
				GCC_WARN_64_TO_32_BIT_CONVERSION = YES;
				GCC_WARN_ABOUT_RETURN_TYPE = YES_ERROR;
				GCC_WARN_UNDECLARED_SELECTOR = YES;
				GCC_WARN_UNINITIALIZED_AUTOS = YES_AGGRESSIVE;
				GCC_WARN_UNUSED_FUNCTION = YES;
				GCC_WARN_UNUSED_VARIABLE = YES;
				IPHONEOS_DEPLOYMENT_TARGET = 12.2;
				MTL_ENABLE_DEBUG_INFO = INCLUDE_SOURCE;
				MTL_FAST_MATH = YES;
				ONLY_ACTIVE_ARCH = YES;
				SDKROOT = iphoneos;
				SWIFT_ACTIVE_COMPILATION_CONDITIONS = DEBUG;
				SWIFT_OPTIMIZATION_LEVEL = "-Onone";
			};
			name = Debug;
		};
		ED0880E32295D27300C72832 /* Release */ = {
			isa = XCBuildConfiguration;
			buildSettings = {
				ALWAYS_SEARCH_USER_PATHS = NO;
				CLANG_ANALYZER_NONNULL = YES;
				CLANG_ANALYZER_NUMBER_OBJECT_CONVERSION = YES_AGGRESSIVE;
				CLANG_CXX_LANGUAGE_STANDARD = "gnu++14";
				CLANG_CXX_LIBRARY = "libc++";
				CLANG_ENABLE_MODULES = YES;
				CLANG_ENABLE_OBJC_ARC = YES;
				CLANG_ENABLE_OBJC_WEAK = YES;
				CLANG_WARN_BLOCK_CAPTURE_AUTORELEASING = YES;
				CLANG_WARN_BOOL_CONVERSION = YES;
				CLANG_WARN_COMMA = YES;
				CLANG_WARN_CONSTANT_CONVERSION = YES;
				CLANG_WARN_DEPRECATED_OBJC_IMPLEMENTATIONS = YES;
				CLANG_WARN_DIRECT_OBJC_ISA_USAGE = YES_ERROR;
				CLANG_WARN_DOCUMENTATION_COMMENTS = YES;
				CLANG_WARN_EMPTY_BODY = YES;
				CLANG_WARN_ENUM_CONVERSION = YES;
				CLANG_WARN_INFINITE_RECURSION = YES;
				CLANG_WARN_INT_CONVERSION = YES;
				CLANG_WARN_NON_LITERAL_NULL_CONVERSION = YES;
				CLANG_WARN_OBJC_IMPLICIT_RETAIN_SELF = YES;
				CLANG_WARN_OBJC_LITERAL_CONVERSION = YES;
				CLANG_WARN_OBJC_ROOT_CLASS = YES_ERROR;
				CLANG_WARN_RANGE_LOOP_ANALYSIS = YES;
				CLANG_WARN_STRICT_PROTOTYPES = YES;
				CLANG_WARN_SUSPICIOUS_MOVE = YES;
				CLANG_WARN_UNGUARDED_AVAILABILITY = YES_AGGRESSIVE;
				CLANG_WARN_UNREACHABLE_CODE = YES;
				CLANG_WARN__DUPLICATE_METHOD_MATCH = YES;
				CODE_SIGN_IDENTITY = "iPhone Developer";
				COPY_PHASE_STRIP = NO;
				DEBUG_INFORMATION_FORMAT = "dwarf-with-dsym";
				ENABLE_NS_ASSERTIONS = NO;
				ENABLE_STRICT_OBJC_MSGSEND = YES;
				GCC_C_LANGUAGE_STANDARD = gnu11;
				GCC_NO_COMMON_BLOCKS = YES;
				GCC_WARN_64_TO_32_BIT_CONVERSION = YES;
				GCC_WARN_ABOUT_RETURN_TYPE = YES_ERROR;
				GCC_WARN_UNDECLARED_SELECTOR = YES;
				GCC_WARN_UNINITIALIZED_AUTOS = YES_AGGRESSIVE;
				GCC_WARN_UNUSED_FUNCTION = YES;
				GCC_WARN_UNUSED_VARIABLE = YES;
				IPHONEOS_DEPLOYMENT_TARGET = 12.2;
				MTL_ENABLE_DEBUG_INFO = NO;
				MTL_FAST_MATH = YES;
				SDKROOT = iphoneos;
				SWIFT_COMPILATION_MODE = wholemodule;
				SWIFT_OPTIMIZATION_LEVEL = "-O";
				VALIDATE_PRODUCT = YES;
			};
			name = Release;
		};
		ED0880E52295D27300C72832 /* Debug */ = {
			isa = XCBuildConfiguration;
			baseConfigurationReference = 4CE92ECA8394E35805D9581C /* Pods-Networking_Generics_Protocols.debug.xcconfig */;
			buildSettings = {
				ASSETCATALOG_COMPILER_APPICON_NAME = AppIcon;
				CODE_SIGN_STYLE = Automatic;
				DEVELOPMENT_TEAM = ZXBK6BD56X;
				INFOPLIST_FILE = Networking_Generics_Protocols/Info.plist;
				LD_RUNPATH_SEARCH_PATHS = (
					"$(inherited)",
					"@executable_path/Frameworks",
				);
				PRODUCT_BUNDLE_IDENTIFIER = "M.Networking-Generics-Protocols";
				PRODUCT_NAME = "$(TARGET_NAME)";
				SWIFT_VERSION = 5.0;
				TARGETED_DEVICE_FAMILY = "1,2";
			};
			name = Debug;
		};
		ED0880E62295D27300C72832 /* Release */ = {
			isa = XCBuildConfiguration;
			baseConfigurationReference = 0ECE0BB47BA1BC8D31D7AC92 /* Pods-Networking_Generics_Protocols.release.xcconfig */;
			buildSettings = {
				ASSETCATALOG_COMPILER_APPICON_NAME = AppIcon;
				CODE_SIGN_STYLE = Automatic;
				DEVELOPMENT_TEAM = ZXBK6BD56X;
				INFOPLIST_FILE = Networking_Generics_Protocols/Info.plist;
				LD_RUNPATH_SEARCH_PATHS = (
					"$(inherited)",
					"@executable_path/Frameworks",
				);
				PRODUCT_BUNDLE_IDENTIFIER = "M.Networking-Generics-Protocols";
				PRODUCT_NAME = "$(TARGET_NAME)";
				SWIFT_VERSION = 5.0;
				TARGETED_DEVICE_FAMILY = "1,2";
			};
			name = Release;
		};
		ED0880E82295D27300C72832 /* Debug */ = {
			isa = XCBuildConfiguration;
			baseConfigurationReference = 96D2F706B9D45250DB2F6DF0 /* Pods-Networking_Generics_ProtocolsTests.debug.xcconfig */;
			buildSettings = {
				ALWAYS_EMBED_SWIFT_STANDARD_LIBRARIES = YES;
				BUNDLE_LOADER = "$(TEST_HOST)";
				CODE_SIGN_STYLE = Automatic;
				DEVELOPMENT_TEAM = ZXBK6BD56X;
				INFOPLIST_FILE = Networking_Generics_ProtocolsTests/Info.plist;
				LD_RUNPATH_SEARCH_PATHS = (
					"$(inherited)",
					"@executable_path/Frameworks",
					"@loader_path/Frameworks",
				);
				PRODUCT_BUNDLE_IDENTIFIER = "M.Networking-Generics-ProtocolsTests";
				PRODUCT_NAME = "$(TARGET_NAME)";
				SWIFT_VERSION = 5.0;
				TARGETED_DEVICE_FAMILY = "1,2";
				TEST_HOST = "$(BUILT_PRODUCTS_DIR)/Networking_Generics_Protocols.app/Networking_Generics_Protocols";
			};
			name = Debug;
		};
		ED0880E92295D27300C72832 /* Release */ = {
			isa = XCBuildConfiguration;
			baseConfigurationReference = 0C0F1F4C23164487BDC71357 /* Pods-Networking_Generics_ProtocolsTests.release.xcconfig */;
			buildSettings = {
				ALWAYS_EMBED_SWIFT_STANDARD_LIBRARIES = YES;
				BUNDLE_LOADER = "$(TEST_HOST)";
				CODE_SIGN_STYLE = Automatic;
				DEVELOPMENT_TEAM = ZXBK6BD56X;
				INFOPLIST_FILE = Networking_Generics_ProtocolsTests/Info.plist;
				LD_RUNPATH_SEARCH_PATHS = (
					"$(inherited)",
					"@executable_path/Frameworks",
					"@loader_path/Frameworks",
				);
				PRODUCT_BUNDLE_IDENTIFIER = "M.Networking-Generics-ProtocolsTests";
				PRODUCT_NAME = "$(TARGET_NAME)";
				SWIFT_VERSION = 5.0;
				TARGETED_DEVICE_FAMILY = "1,2";
				TEST_HOST = "$(BUILT_PRODUCTS_DIR)/Networking_Generics_Protocols.app/Networking_Generics_Protocols";
			};
			name = Release;
		};
/* End XCBuildConfiguration section */

/* Begin XCConfigurationList section */
		ED0880C22295D27000C72832 /* Build configuration list for PBXProject "Networking_Generics_Protocols" */ = {
			isa = XCConfigurationList;
			buildConfigurations = (
				ED0880E22295D27300C72832 /* Debug */,
				ED0880E32295D27300C72832 /* Release */,
			);
			defaultConfigurationIsVisible = 0;
			defaultConfigurationName = Release;
		};
		ED0880E42295D27300C72832 /* Build configuration list for PBXNativeTarget "Networking_Generics_Protocols" */ = {
			isa = XCConfigurationList;
			buildConfigurations = (
				ED0880E52295D27300C72832 /* Debug */,
				ED0880E62295D27300C72832 /* Release */,
			);
			defaultConfigurationIsVisible = 0;
			defaultConfigurationName = Release;
		};
		ED0880E72295D27300C72832 /* Build configuration list for PBXNativeTarget "Networking_Generics_ProtocolsTests" */ = {
			isa = XCConfigurationList;
			buildConfigurations = (
				ED0880E82295D27300C72832 /* Debug */,
				ED0880E92295D27300C72832 /* Release */,
			);
			defaultConfigurationIsVisible = 0;
			defaultConfigurationName = Release;
		};
/* End XCConfigurationList section */
	};
	rootObject = ED0880BF2295D27000C72832 /* Project object */;
}
